
Microsoft Visual Studio Solution File, Format Version 12.00
# Visual Studio Version 17
VisualStudioVersion = 17.4.33205.214
MinimumVisualStudioVersion = 10.0.40219.1
Project("{9A19103F-16F7-4668-BE54-9A1E7A4F7556}") = "Updator.Common", "Updator.Common\Updator.Common.csproj", "{AC9C033F-90EE-453C-B371-D23F8E1126C0}"
EndProject
Project("{9A19103F-16F7-4668-BE54-9A1E7A4F7556}") = "Updator.Uploader", "Updator.Uploader\Updator.Uploader.csproj", "{DEBE7D48-6951-4FDB-8BED-9784C5540662}"
EndProject
Project("{FAE04EC0-301F-11D3-BF4B-00C04F79EFBC}") = "Updator.Downloader.CLI", "Updator.Downloader.CLI\Updator.Downloader.CLI.csproj", "{0D3998C5-04BA-4455-85B7-AD4B699392DD}"
EndProject
Global
	GlobalSection(SolutionConfigurationPlatforms) = preSolution
		Debug|Any CPU = Debug|Any CPU
		Release|Any CPU = Release|Any CPU
	EndGlobalSection
	GlobalSection(ProjectConfigurationPlatforms) = postSolution
		{AC9C033F-90EE-453C-B371-D23F8E1126C0}.Debug|Any CPU.ActiveCfg = Debug|Any CPU
		{AC9C033F-90EE-453C-B371-D23F8E1126C0}.Debug|Any CPU.Build.0 = Debug|Any CPU
		{AC9C033F-90EE-453C-B371-D23F8E1126C0}.Release|Any CPU.ActiveCfg = Release|Any CPU
		{AC9C033F-90EE-453C-B371-D23F8E1126C0}.Release|Any CPU.Build.0 = Release|Any CPU
		{DEBE7D48-6951-4FDB-8BED-9784C5540662}.Debug|Any CPU.ActiveCfg = Debug|Any CPU
		{DEBE7D48-6951-4FDB-8BED-9784C5540662}.Debug|Any CPU.Build.0 = Debug|Any CPU
		{DEBE7D48-6951-4FDB-8BED-9784C5540662}.Release|Any CPU.ActiveCfg = Release|Any CPU
		{DEBE7D48-6951-4FDB-8BED-9784C5540662}.Release|Any CPU.Build.0 = Release|Any CPU
		{0D3998C5-04BA-4455-85B7-AD4B699392DD}.Debug|Any CPU.ActiveCfg = Debug|Any CPU
		{0D3998C5-04BA-4455-85B7-AD4B699392DD}.Debug|Any CPU.Build.0 = Debug|Any CPU
		{0D3998C5-04BA-4455-85B7-AD4B699392DD}.Release|Any CPU.ActiveCfg = Release|Any CPU
		{0D3998C5-04BA-4455-85B7-AD4B699392DD}.Release|Any CPU.Build.0 = Release|Any CPU
	EndGlobalSection
	GlobalSection(SolutionProperties) = preSolution
		HideSolutionNode = FALSE
	EndGlobalSection
	GlobalSection(ExtensibilityGlobals) = postSolution
		SolutionGuid = {6A140AAA-3CCA-438A-831A-CF23B7223A1F}
	EndGlobalSection
EndGlobal
